
Microsoft Visual Studio Solution File, Format Version 12.00
# Visual Studio Version 16
VisualStudioVersion = 16.0.31112.23
MinimumVisualStudioVersion = 10.0.40219.1
Project("{FAE04EC0-301F-11D3-BF4B-00C04F79EFBC}") = "VotebanBot", "VotebanBot\VotebanBot.csproj", "{3402722E-966A-477E-AFFB-63395E2C86BE}"
EndProject
Global
	GlobalSection(SolutionConfigurationPlatforms) = preSolution
		Debug|Any CPU = Debug|Any CPU
		Release|Any CPU = Release|Any CPU
	EndGlobalSection
	GlobalSection(ProjectConfigurationPlatforms) = postSolution
		{3402722E-966A-477E-AFFB-63395E2C86BE}.Debug|Any CPU.ActiveCfg = Debug|Any CPU
		{3402722E-966A-477E-AFFB-63395E2C86BE}.Debug|Any CPU.Build.0 = Debug|Any CPU
		{3402722E-966A-477E-AFFB-63395E2C86BE}.Release|Any CPU.ActiveCfg = Release|Any CPU
		{3402722E-966A-477E-AFFB-63395E2C86BE}.Release|Any CPU.Build.0 = Release|Any CPU
	EndGlobalSection
	GlobalSection(SolutionProperties) = preSolution
		HideSolutionNode = FALSE
	EndGlobalSection
	GlobalSection(ExtensibilityGlobals) = postSolution
		SolutionGuid = {1132CFC9-AD56-4F14-B1A3-B74234C2AC3E}
	EndGlobalSection
EndGlobal
